schema: '2.0'
stages:
  data_ingestion:
    cmd: python -m src.components.data_ingestion
    deps:
    - path: src/components/data_ingestion.py
      hash: md5
      md5: 8ac846e5e92ad80d58db51a723d3769a
      size: 7568
    - path: src/components/real_user_ingestion.py
      hash: md5
      md5: 8a9953e198bac503c27ebbbdafb08662
      size: 9095
    - path: src/data_access/fetch_data.py
      hash: md5
      md5: 14b794b621f48e1a64703681eecec0fd
      size: 7282
    outs:
    - path: artifact/data_ingestion/feature_store/data.csv
      hash: md5
      md5: e17f52b63300c6711f0148520a3bf38d
      size: 51878231
    - path: artifact/data_ingestion/ingested/test.csv
      hash: md5
      md5: 31388de61ffe1005cb35e6cb8c000ca2
      size: 13054014
    - path: artifact/data_ingestion/ingested/train.csv
      hash: md5
      md5: 5614ae9bd9eb7f202ac103a6fbfa35a1
      size: 38824259
  data_transformation:
    cmd: python -m src.components.data_transformation
    deps:
    - path: artifact/data_ingestion/ingested/test.csv
      hash: md5
      md5: 31388de61ffe1005cb35e6cb8c000ca2
      size: 13054014
    - path: artifact/data_ingestion/ingested/train.csv
      hash: md5
      md5: 5614ae9bd9eb7f202ac103a6fbfa35a1
      size: 38824259
    - path: config/schema.yaml
      hash: md5
      md5: 2a2e13ad21cc182f94be6b740a82b54a
      size: 260
    - path: src/components/data_transformation.py
      hash: md5
      md5: 84354bde5575d529ae769cbefa7cf021
      size: 24905
    outs:
    - path: artifact/data_transformation/label_encoder.pkl
      hash: md5
      md5: 9cf2dcddf88811fca8c1bb0485f2ca51
      size: 486
    - path: artifact/data_transformation/preprocessing.pkl
      hash: md5
      md5: 731b82d574a80dcb38dfe15ecd3cbd74
      size: 436673
    - path: artifact/data_transformation/transformed_test.csv
      hash: md5
      md5: 6ecc3eb94fedf1a1697af9f9c83450f3
      size: 11679867
    - path: artifact/data_transformation/transformed_test_raw.csv
      hash: md5
      md5: 6ecc3eb94fedf1a1697af9f9c83450f3
      size: 11679867
    - path: artifact/data_transformation/transformed_train.csv
      hash: md5
      md5: 9f14a4b09b5434aeb571f89847294210
      size: 34687784
    - path: artifact/data_transformation/transformed_train_raw.csv
      hash: md5
      md5: 9f14a4b09b5434aeb571f89847294210
      size: 34687784
  model_training:
    cmd: python -m src.components.model_traning
    deps:
    - path: artifact/data_transformation/transformed_test.csv
      hash: md5
      md5: 6ecc3eb94fedf1a1697af9f9c83450f3
      size: 11679867
    - path: artifact/data_transformation/transformed_test_raw.csv
      hash: md5
      md5: 6ecc3eb94fedf1a1697af9f9c83450f3
      size: 11679867
    - path: artifact/data_transformation/transformed_train.csv
      hash: md5
      md5: 9f14a4b09b5434aeb571f89847294210
      size: 34687784
    - path: artifact/data_transformation/transformed_train_raw.csv
      hash: md5
      md5: 9f14a4b09b5434aeb571f89847294210
      size: 34687784
    - path: src/components/benchmark.py
      hash: md5
      md5: b70655aec15f7c130c79a7cb711a6769
      size: 5040
    - path: src/components/hyperparameter_tuner.py
      hash: md5
      md5: f53d5288abc89bb293f4e0c0ea794195
      size: 5256
    - path: src/components/model_traning.py
      hash: md5
      md5: 3c0e2fbefbb55b40b302de54e0162543
      size: 47024
    - path: src/components/models.py
      hash: md5
      md5: 4a80c07e89f6e34cef1f4534c9cd1a73
      size: 6023
    - path: src/components/transformer_trainer.py
      hash: md5
      md5: 120c36ed8e29a1ecacb847c921145a41
      size: 15744
    - path: src/config/hyperparameter_config.py
      hash: md5
      md5: 0e2931bfd00e286dc8fe65e091f4d9a1
      size: 1670
    - path: src/entity/model_metadata.py
      hash: md5
      md5: f39728b2da82dc1775d19d1920e13764
      size: 4280
    - path: src/services/model_registry.py
      hash: md5
      md5: 44ba542fe109e011b10d3b8ee78eafa9
      size: 8946
    - path: src/services/model_saver.py
      hash: md5
      md5: 4143da0642e76986acd3994d2a9fc571
      size: 7900
    - path: src/services/storage_service.py
      hash: md5
      md5: d5e75f0e56ddbf816945c68154b13f52
      size: 3145
    - path: src/utils/mlflow_utils.py
      hash: md5
      md5: e7884c37f2f7fe81b820db8620fb3c4c
      size: 5327
    outs:
    - path: artifact/model_trainer/model_report.yaml
      hash: md5
      md5: a289bc8557472cb42edf4bad992cecbe
      size: 2110
