schema: '2.0'
stages:
  data_ingestion:
    cmd: python -m src.components.data_ingestion
    deps:
    - path: src/components/data_ingestion.py
      hash: md5
      md5: d137a76f7a6ec9b07f3b33d123e5056a
      size: 5876
    - path: src/data_access/fetch_data.py
      hash: md5
      md5: 8408ff2e3d3ae2cc12461649406d48f8
      size: 2072
    - path: src/entity/artifact_entity.py
      hash: md5
      md5: 16bb373fed56ef9a7d6dad659f081f27
      size: 290
    - path: src/entity/config_entity.py
      hash: md5
      md5: d6c3ca47f8000dd8055fbd0d19cf49e4
      size: 2465
    - path: src/exception/__init__.py
      hash: md5
      md5: 5baf671152d73a06c9fb5eae8e07aa19
      size: 1816
    - path: src/logger/__init__.py
      hash: md5
      md5: 2e5bf5dd6f9e6de0f08c2d0c76ffb87f
      size: 1462
    outs:
    - path: artifact/data_ingestion/feature_store/data.csv
      hash: md5
      md5: 23ff292583b9f7e2544a1acd649def4a
      size: 51688902
    - path: artifact/data_ingestion/ingested/test.csv
      hash: md5
      md5: 9151430c7f8f33a68a226c79663c935b
      size: 13369422
    - path: artifact/data_ingestion/ingested/train.csv
      hash: md5
      md5: 6b30defc725b45b6d0574cdbb40136ee
      size: 38319522
  data_transformation:
    cmd: python -m src.components.data_transformation
    deps:
    - path: artifact/data_ingestion/ingested/test.csv
      hash: md5
      md5: 9151430c7f8f33a68a226c79663c935b
      size: 13369422
    - path: artifact/data_ingestion/ingested/train.csv
      hash: md5
      md5: 6b30defc725b45b6d0574cdbb40136ee
      size: 38319522
    - path: config/schema.yaml
      hash: md5
      md5: b4c45403c90dc48a468851d4bf97373c
      size: 278
    - path: src/components/data_transformation.py
      hash: md5
      md5: c39dcf0a8c999e3123a675f597e41efd
      size: 15863
    - path: src/entity/config_entity.py
      hash: md5
      md5: d6c3ca47f8000dd8055fbd0d19cf49e4
      size: 2465
    - path: src/exception/__init__.py
      hash: md5
      md5: 5baf671152d73a06c9fb5eae8e07aa19
      size: 1816
    - path: src/logger/__init__.py
      hash: md5
      md5: 2e5bf5dd6f9e6de0f08c2d0c76ffb87f
      size: 1462
    - path: src/utils/main_utils.py
      hash: md5
      md5: 030b1f0e73997d213bc6a154ee8ed75c
      size: 946
    outs:
    - path: artifact/data_transformation/label_encoder.pkl
      hash: md5
      md5: 9cf2dcddf88811fca8c1bb0485f2ca51
      size: 486
    - path: artifact/data_transformation/preprocessing.pkl
      hash: md5
      md5: de2373261ea4af3a28ef59807cc0612e
      size: 266785
    - path: artifact/data_transformation/transformed_test.csv
      hash: md5
      md5: 11e4497f85168a605070f62d7599f071
      size: 246448307
    - path: artifact/data_transformation/transformed_train.csv
      hash: md5
      md5: 0c9d400bde4a495819553ad30f9de7e6
      size: 738686127
