schema: '2.0'
stages:
  data_ingestion:
    cmd: python -m src.components.data_ingestion
    deps:
    - path: src/components/data_ingestion.py
      hash: md5
      md5: 6fa6968d7542779428a3abefa7c950c7
      size: 6074
    - path: src/data_access/fetch_data.py
      hash: md5
      md5: 8408ff2e3d3ae2cc12461649406d48f8
      size: 2072
    - path: src/entity/artifact_entity.py
      hash: md5
      md5: 8fcf6423e7ee71831a6e60943d74aad8
      size: 420
    - path: src/entity/config_entity.py
      hash: md5
      md5: 917706cab2baa6aa2808a4dd7afb0afb
      size: 2915
    - path: src/exception/__init__.py
      hash: md5
      md5: 5baf671152d73a06c9fb5eae8e07aa19
      size: 1816
    - path: src/logger/__init__.py
      hash: md5
      md5: 2e5bf5dd6f9e6de0f08c2d0c76ffb87f
      size: 1462
    outs:
    - path: artifact/data_ingestion/feature_store/data.csv
      hash: md5
      md5: 23ff292583b9f7e2544a1acd649def4a
      size: 51688902
    - path: artifact/data_ingestion/ingested/test.csv
      hash: md5
      md5: c8c284000dbda93c508c954b6ffd3740
      size: 12452689
    - path: artifact/data_ingestion/ingested/train.csv
      hash: md5
      md5: 871300564d3649a1731e2e6eeeaace03
      size: 39236255
  data_transformation:
    cmd: python -m src.components.data_transformation
    deps:
    - path: artifact/data_ingestion/ingested/test.csv
      hash: md5
      md5: c8c284000dbda93c508c954b6ffd3740
      size: 12452689
    - path: artifact/data_ingestion/ingested/train.csv
      hash: md5
      md5: 871300564d3649a1731e2e6eeeaace03
      size: 39236255
    - path: config/schema.yaml
      hash: md5
      md5: b4c45403c90dc48a468851d4bf97373c
      size: 278
    - path: src/components/data_transformation.py
      hash: md5
      md5: 28620968717a78664bb40f283c3385a8
      size: 18907
    outs:
    - path: artifact/data_transformation/label_encoder.pkl
      hash: md5
      md5: 9cf2dcddf88811fca8c1bb0485f2ca51
      size: 486
    - path: artifact/data_transformation/preprocessing.pkl
      hash: md5
      md5: 9709074101eb93631429ad308ae715d5
      size: 266797
    - path: artifact/data_transformation/transformed_test.csv
      hash: md5
      md5: bafa68919dd48cf9e6a28c6e0e58412e
      size: 246174058
    - path: artifact/data_transformation/transformed_test_raw.csv
      hash: md5
      md5: 8cef172467889d2575d6e4eb37b1bf88
      size: 19
    - path: artifact/data_transformation/transformed_train.csv
      hash: md5
      md5: a967e687bb88c4f6fd237aa547916d97
      size: 738934642
    - path: artifact/data_transformation/transformed_train_raw.csv
      hash: md5
      md5: 8cef172467889d2575d6e4eb37b1bf88
      size: 19
  model_training:
    cmd: python -m src.components.model_traning
    deps:
    - path: artifact/data_transformation/transformed_test.csv
      hash: md5
      md5: bafa68919dd48cf9e6a28c6e0e58412e
      size: 246174058
    - path: artifact/data_transformation/transformed_test_raw.csv
      hash: md5
      md5: 8cef172467889d2575d6e4eb37b1bf88
      size: 19
    - path: artifact/data_transformation/transformed_train.csv
      hash: md5
      md5: a967e687bb88c4f6fd237aa547916d97
      size: 738934642
    - path: artifact/data_transformation/transformed_train_raw.csv
      hash: md5
      md5: 8cef172467889d2575d6e4eb37b1bf88
      size: 19
    - path: src/components/benchmark.py
      hash: md5
      md5: b70655aec15f7c130c79a7cb711a6769
      size: 5040
    - path: src/components/hyperparameter_tuner.py
      hash: md5
      md5: f53d5288abc89bb293f4e0c0ea794195
      size: 5256
    - path: src/components/model_traning.py
      hash: md5
      md5: 3832f82b9d90b4d5e3d143a72426f723
      size: 41463
    - path: src/components/models.py
      hash: md5
      md5: 1ce54e290bcd3c528309264bef198457
      size: 6225
    - path: src/components/transformer_trainer.py
      hash: md5
      md5: 028dff455de4632047a4545be80ccb05
      size: 9099
    - path: src/config/hyperparameter_config.py
      hash: md5
      md5: 0e2931bfd00e286dc8fe65e091f4d9a1
      size: 1670
    - path: src/entity/model_metadata.py
      hash: md5
      md5: f39728b2da82dc1775d19d1920e13764
      size: 4280
    - path: src/services/model_registry.py
      hash: md5
      md5: 44ba542fe109e011b10d3b8ee78eafa9
      size: 8946
    - path: src/services/model_saver.py
      hash: md5
      md5: 4143da0642e76986acd3994d2a9fc571
      size: 7900
    - path: src/services/storage_service.py
      hash: md5
      md5: d5e75f0e56ddbf816945c68154b13f52
      size: 3145
    - path: src/utils/mlflow_utils.py
      hash: md5
      md5: 3d681833433c232e79148d8e4ce8da15
      size: 3069
    outs:
    - path: artifact/model_trainer/model_report.yaml
      hash: md5
      md5: da7688d4940879ec870268d81351f04b
      size: 707
